
Microsoft Visual Studio Solution File, Format Version 12.00
# Visual Studio Version 16
VisualStudioVersion = 16.0.31019.35
MinimumVisualStudioVersion = 10.0.40219.1
Project("{FAE04EC0-301F-11D3-BF4B-00C04F79EFBC}") = "RevitExporter", "RevitExporter\RevitExporter.csproj", "{4101BE9F-8000-4FF8-8D11-3339AA43F663}"
EndProject
Global
	GlobalSection(SolutionConfigurationPlatforms) = preSolution
		Debug|Any CPU = Debug|Any CPU
		Release|Any CPU = Release|Any CPU
	EndGlobalSection
	GlobalSection(ProjectConfigurationPlatforms) = postSolution
		{4101BE9F-8000-4FF8-8D11-3339AA43F663}.Debug|Any CPU.ActiveCfg = Debug|Any CPU
		{4101BE9F-8000-4FF8-8D11-3339AA43F663}.Debug|Any CPU.Build.0 = Debug|Any CPU
		{4101BE9F-8000-4FF8-8D11-3339AA43F663}.Release|Any CPU.ActiveCfg = Release|Any CPU
		{4101BE9F-8000-4FF8-8D11-3339AA43F663}.Release|Any CPU.Build.0 = Release|Any CPU
	EndGlobalSection
	GlobalSection(SolutionProperties) = preSolution
		HideSolutionNode = FALSE
	EndGlobalSection
	GlobalSection(ExtensibilityGlobals) = postSolution
		SolutionGuid = {5D325644-1870-4F64-964B-1E2FF249FAD0}
	EndGlobalSection
EndGlobal
